PODS:
  - Flutter (1.0.0)
  - flutter_smartlook (4.1.7):
    - Flutter

DEPENDENCIES:
  - Flutter (from `Flutter`)
  - flutter_smartlook (from `.symlinks/plugins/flutter_smartlook/ios`)

EXTERNAL SOURCES:
  Flutter:
    :path: Flutter
  flutter_smartlook:
    :path: ".symlinks/plugins/flutter_smartlook/ios"

SPEC CHECKSUMS:
  Flutter: f04841e97a9d0b0a8025694d0796dd46242b2854
  flutter_smartlook: 7cd89b14101d2f4c592513a25ac47b7234b2e570

PODFILE CHECKSUM: a57f30d18f102dd3ce366b1d62a55ecbef2158e5

COCOAPODS: 1.11.3
